
Microsoft Visual Studio Solution File, Format Version 12.00
# Visual Studio Version 17
VisualStudioVersion = 17.3.32825.248
MinimumVisualStudioVersion = 10.0.40219.1
Project("{9A19103F-16F7-4668-BE54-9A1E7A4F7556}") = "Authorization.Cookie", "Authorization\Authorization.Cookie.csproj", "{CAE7FD47-794D-4543-92C0-009329C9D66F}"
EndProject
Project("{9A19103F-16F7-4668-BE54-9A1E7A4F7556}") = "Authorization.OAuthGoogle", "Authorization.OAuhGoogle\Authorization.OAuthGoogle.csproj", "{CF096FCF-F9A0-456F-8188-D15C12D2BAF3}"
EndProject
Project("{2150E333-8FDC-42A3-9474-1A3956D46DE8}") = "Simple", "Simple", "{D6401972-75B8-4622-BEF5-94E33265AE19}"
EndProject
Project("{2150E333-8FDC-42A3-9474-1A3956D46DE8}") = "IdentityServerAuth", "IdentityServerAuth", "{E45B5A1A-05E2-454B-A55B-810189698BF4}"
EndProject
Project("{9A19103F-16F7-4668-BE54-9A1E7A4F7556}") = "IdentityServer", "IdentityServer\IdentityServer.csproj", "{ED20BE56-2572-4B58-8FF4-2A14F56DF686}"
EndProject
Project("{9A19103F-16F7-4668-BE54-9A1E7A4F7556}") = "Resource", "Resource\Resource.csproj", "{94178716-3B74-41E4-9A80-F1F0E4E1DF6A}"
EndProject
Project("{9A19103F-16F7-4668-BE54-9A1E7A4F7556}") = "Client", "Client\Client.csproj", "{439FC531-3CFC-479A-9334-F5286C4EE383}"
EndProject
Project("{2150E333-8FDC-42A3-9474-1A3956D46DE8}") = "OAuth", "OAuth", "{F4BAB925-E74B-4185-BFD3-16A61BAF871C}"
EndProject
Project("{9A19103F-16F7-4668-BE54-9A1E7A4F7556}") = "Authorization.OAuthGitHub", "Authorization.OAuthGitHub\Authorization.OAuthGitHub.csproj", "{66134A89-91F6-4E08-9FA8-DC0E30B9FA13}"
EndProject
Project("{9A19103F-16F7-4668-BE54-9A1E7A4F7556}") = "Authorization.JwtRsa", "Authorization.JwtRsa\Authorization.JwtRsa.csproj", "{01690531-9082-45DE-BA10-2156AEF9A2F2}"
EndProject
Project("{FAE04EC0-301F-11D3-BF4B-00C04F79EFBC}") = "Authorization.ApiKey", "Authorization.ApiKey\Authorization.ApiKey.csproj", "{A15FE177-0CED-4F0F-A09F-4F48BB509469}"
EndProject
Project("{2150E333-8FDC-42A3-9474-1A3956D46DE8}") = "Security", "Security", "{0AF2214D-92D8-4996-A973-A5C3216F296D}"
EndProject
Project("{FAE04EC0-301F-11D3-BF4B-00C04F79EFBC}") = "Authorization.CSRF_Attack", "Authorization.CSRF_Attack\Authorization.CSRF_Attack.csproj", "{65FCA664-EFAD-4436-A141-CD574890DCE3}"
EndProject
Global
	GlobalSection(SolutionConfigurationPlatforms) = preSolution
		Debug|Any CPU = Debug|Any CPU
		Release|Any CPU = Release|Any CPU
	EndGlobalSection
	GlobalSection(ProjectConfigurationPlatforms) = postSolution
		{CAE7FD47-794D-4543-92C0-009329C9D66F}.Debug|Any CPU.ActiveCfg = Debug|Any CPU
		{CAE7FD47-794D-4543-92C0-009329C9D66F}.Debug|Any CPU.Build.0 = Debug|Any CPU
		{CAE7FD47-794D-4543-92C0-009329C9D66F}.Release|Any CPU.ActiveCfg = Release|Any CPU
		{CAE7FD47-794D-4543-92C0-009329C9D66F}.Release|Any CPU.Build.0 = Release|Any CPU
		{CF096FCF-F9A0-456F-8188-D15C12D2BAF3}.Debug|Any CPU.ActiveCfg = Debug|Any CPU
		{CF096FCF-F9A0-456F-8188-D15C12D2BAF3}.Debug|Any CPU.Build.0 = Debug|Any CPU
		{CF096FCF-F9A0-456F-8188-D15C12D2BAF3}.Release|Any CPU.ActiveCfg = Release|Any CPU
		{CF096FCF-F9A0-456F-8188-D15C12D2BAF3}.Release|Any CPU.Build.0 = Release|Any CPU
		{ED20BE56-2572-4B58-8FF4-2A14F56DF686}.Debug|Any CPU.ActiveCfg = Debug|Any CPU
		{ED20BE56-2572-4B58-8FF4-2A14F56DF686}.Debug|Any CPU.Build.0 = Debug|Any CPU
		{ED20BE56-2572-4B58-8FF4-2A14F56DF686}.Release|Any CPU.ActiveCfg = Release|Any CPU
		{ED20BE56-2572-4B58-8FF4-2A14F56DF686}.Release|Any CPU.Build.0 = Release|Any CPU
		{94178716-3B74-41E4-9A80-F1F0E4E1DF6A}.Debug|Any CPU.ActiveCfg = Debug|Any CPU
		{94178716-3B74-41E4-9A80-F1F0E4E1DF6A}.Debug|Any CPU.Build.0 = Debug|Any CPU
		{94178716-3B74-41E4-9A80-F1F0E4E1DF6A}.Release|Any CPU.ActiveCfg = Release|Any CPU
		{94178716-3B74-41E4-9A80-F1F0E4E1DF6A}.Release|Any CPU.Build.0 = Release|Any CPU
		{439FC531-3CFC-479A-9334-F5286C4EE383}.Debug|Any CPU.ActiveCfg = Debug|Any CPU
		{439FC531-3CFC-479A-9334-F5286C4EE383}.Debug|Any CPU.Build.0 = Debug|Any CPU
		{439FC531-3CFC-479A-9334-F5286C4EE383}.Release|Any CPU.ActiveCfg = Release|Any CPU
		{439FC531-3CFC-479A-9334-F5286C4EE383}.Release|Any CPU.Build.0 = Release|Any CPU
		{66134A89-91F6-4E08-9FA8-DC0E30B9FA13}.Debug|Any CPU.ActiveCfg = Debug|Any CPU
		{66134A89-91F6-4E08-9FA8-DC0E30B9FA13}.Debug|Any CPU.Build.0 = Debug|Any CPU
		{66134A89-91F6-4E08-9FA8-DC0E30B9FA13}.Release|Any CPU.ActiveCfg = Release|Any CPU
		{66134A89-91F6-4E08-9FA8-DC0E30B9FA13}.Release|Any CPU.Build.0 = Release|Any CPU
		{01690531-9082-45DE-BA10-2156AEF9A2F2}.Debug|Any CPU.ActiveCfg = Debug|Any CPU
		{01690531-9082-45DE-BA10-2156AEF9A2F2}.Debug|Any CPU.Build.0 = Debug|Any CPU
		{01690531-9082-45DE-BA10-2156AEF9A2F2}.Release|Any CPU.ActiveCfg = Release|Any CPU
		{01690531-9082-45DE-BA10-2156AEF9A2F2}.Release|Any CPU.Build.0 = Release|Any CPU
		{A15FE177-0CED-4F0F-A09F-4F48BB509469}.Debug|Any CPU.ActiveCfg = Debug|Any CPU
		{A15FE177-0CED-4F0F-A09F-4F48BB509469}.Debug|Any CPU.Build.0 = Debug|Any CPU
		{A15FE177-0CED-4F0F-A09F-4F48BB509469}.Release|Any CPU.ActiveCfg = Release|Any CPU
		{A15FE177-0CED-4F0F-A09F-4F48BB509469}.Release|Any CPU.Build.0 = Release|Any CPU
		{65FCA664-EFAD-4436-A141-CD574890DCE3}.Debug|Any CPU.ActiveCfg = Debug|Any CPU
		{65FCA664-EFAD-4436-A141-CD574890DCE3}.Debug|Any CPU.Build.0 = Debug|Any CPU
		{65FCA664-EFAD-4436-A141-CD574890DCE3}.Release|Any CPU.ActiveCfg = Release|Any CPU
		{65FCA664-EFAD-4436-A141-CD574890DCE3}.Release|Any CPU.Build.0 = Release|Any CPU
	EndGlobalSection
	GlobalSection(SolutionProperties) = preSolution
		HideSolutionNode = FALSE
	EndGlobalSection
	GlobalSection(NestedProjects) = preSolution
		{CAE7FD47-794D-4543-92C0-009329C9D66F} = {D6401972-75B8-4622-BEF5-94E33265AE19}
		{CF096FCF-F9A0-456F-8188-D15C12D2BAF3} = {F4BAB925-E74B-4185-BFD3-16A61BAF871C}
		{ED20BE56-2572-4B58-8FF4-2A14F56DF686} = {E45B5A1A-05E2-454B-A55B-810189698BF4}
		{94178716-3B74-41E4-9A80-F1F0E4E1DF6A} = {E45B5A1A-05E2-454B-A55B-810189698BF4}
		{439FC531-3CFC-479A-9334-F5286C4EE383} = {E45B5A1A-05E2-454B-A55B-810189698BF4}
		{66134A89-91F6-4E08-9FA8-DC0E30B9FA13} = {F4BAB925-E74B-4185-BFD3-16A61BAF871C}
		{01690531-9082-45DE-BA10-2156AEF9A2F2} = {D6401972-75B8-4622-BEF5-94E33265AE19}
		{A15FE177-0CED-4F0F-A09F-4F48BB509469} = {D6401972-75B8-4622-BEF5-94E33265AE19}
		{65FCA664-EFAD-4436-A141-CD574890DCE3} = {0AF2214D-92D8-4996-A973-A5C3216F296D}
	EndGlobalSection
	GlobalSection(ExtensibilityGlobals) = postSolution
		SolutionGuid = {663A1CA9-D4EF-4601-9C22-C818DC1DA7EB}
	EndGlobalSection
EndGlobal
